
Microsoft Visual Studio Solution File, Format Version 12.00
# Visual Studio Version 16
VisualStudioVersion = 16.0.29806.167
MinimumVisualStudioVersion = 10.0.40219.1
Project("{FAE04EC0-301F-11D3-BF4B-00C04F79EFBC}") = "BXF.UWP", "BXF.UWP\BXF.UWP.csproj", "{AD455541-5E27-415D-9CAC-73D2EFA61468}"
EndProject
Project("{FAE04EC0-301F-11D3-BF4B-00C04F79EFBC}") = "BXF.Android", "BXF.Android\BXF.Android.csproj", "{3ED2BFCA-B12D-4CF7-8A68-1EB80A64C223}"
EndProject
Project("{FAE04EC0-301F-11D3-BF4B-00C04F79EFBC}") = "BXF.iOS", "BXF.iOS\BXF.iOS.csproj", "{94412DB2-3B7A-4270-ABC0-C4E4DC5E8A38}"
EndProject
Project("{9A19103F-16F7-4668-BE54-9A1E7A4F7556}") = "BXF", "BXF\BXF.csproj", "{CD755085-CE18-4F96-886B-68A3B1CB9B30}"
EndProject
Project("{9A19103F-16F7-4668-BE54-9A1E7A4F7556}") = "BXF.MobileAppService", "BXF.MobileAppService\BXF.MobileAppService.csproj", "{5C5D1E10-3D13-45AD-AF4F-C85931BBD810}"
EndProject
Global
	GlobalSection(SolutionConfigurationPlatforms) = preSolution
		Debug|Any CPU = Debug|Any CPU
		Debug|ARM = Debug|ARM
		Debug|iPhone = Debug|iPhone
		Debug|iPhoneSimulator = Debug|iPhoneSimulator
		Debug|x64 = Debug|x64
		Debug|x86 = Debug|x86
		Release|Any CPU = Release|Any CPU
		Release|ARM = Release|ARM
		Release|iPhone = Release|iPhone
		Release|iPhoneSimulator = Release|iPhoneSimulator
		Release|x64 = Release|x64
		Release|x86 = Release|x86
	EndGlobalSection
	GlobalSection(ProjectConfigurationPlatforms) = postSolution
		{AD455541-5E27-415D-9CAC-73D2EFA61468}.Debug|Any CPU.ActiveCfg = Debug|x86
		{AD455541-5E27-415D-9CAC-73D2EFA61468}.Debug|Any CPU.Build.0 = Debug|x86
		{AD455541-5E27-415D-9CAC-73D2EFA61468}.Debug|Any CPU.Deploy.0 = Debug|x86
		{AD455541-5E27-415D-9CAC-73D2EFA61468}.Debug|ARM.ActiveCfg = Debug|ARM
		{AD455541-5E27-415D-9CAC-73D2EFA61468}.Debug|ARM.Build.0 = Debug|ARM
		{AD455541-5E27-415D-9CAC-73D2EFA61468}.Debug|ARM.Deploy.0 = Debug|ARM
		{AD455541-5E27-415D-9CAC-73D2EFA61468}.Debug|iPhone.ActiveCfg = Debug|x86
		{AD455541-5E27-415D-9CAC-73D2EFA61468}.Debug|iPhone.Build.0 = Debug|x86
		{AD455541-5E27-415D-9CAC-73D2EFA61468}.Debug|iPhone.Deploy.0 = Debug|x86
		{AD455541-5E27-415D-9CAC-73D2EFA61468}.Debug|iPhoneSimulator.ActiveCfg = Debug|x86
		{AD455541-5E27-415D-9CAC-73D2EFA61468}.Debug|iPhoneSimulator.Build.0 = Debug|x86
		{AD455541-5E27-415D-9CAC-73D2EFA61468}.Debug|iPhoneSimulator.Deploy.0 = Debug|x86
		{AD455541-5E27-415D-9CAC-73D2EFA61468}.Debug|x64.ActiveCfg = Debug|x64
		{AD455541-5E27-415D-9CAC-73D2EFA61468}.Debug|x64.Build.0 = Debug|x64
		{AD455541-5E27-415D-9CAC-73D2EFA61468}.Debug|x64.Deploy.0 = Debug|x64
		{AD455541-5E27-415D-9CAC-73D2EFA61468}.Debug|x86.ActiveCfg = Debug|x86
		{AD455541-5E27-415D-9CAC-73D2EFA61468}.Debug|x86.Build.0 = Debug|x86
		{AD455541-5E27-415D-9CAC-73D2EFA61468}.Debug|x86.Deploy.0 = Debug|x86
		{AD455541-5E27-415D-9CAC-73D2EFA61468}.Release|Any CPU.ActiveCfg = Release|x86
		{AD455541-5E27-415D-9CAC-73D2EFA61468}.Release|Any CPU.Build.0 = Release|x86
		{AD455541-5E27-415D-9CAC-73D2EFA61468}.Release|Any CPU.Deploy.0 = Release|x86
		{AD455541-5E27-415D-9CAC-73D2EFA61468}.Release|ARM.ActiveCfg = Release|ARM
		{AD455541-5E27-415D-9CAC-73D2EFA61468}.Release|ARM.Build.0 = Release|ARM
		{AD455541-5E27-415D-9CAC-73D2EFA61468}.Release|ARM.Deploy.0 = Release|ARM
		{AD455541-5E27-415D-9CAC-73D2EFA61468}.Release|iPhone.ActiveCfg = Release|x86
		{AD455541-5E27-415D-9CAC-73D2EFA61468}.Release|iPhone.Build.0 = Release|x86
		{AD455541-5E27-415D-9CAC-73D2EFA61468}.Release|iPhone.Deploy.0 = Release|x86
		{AD455541-5E27-415D-9CAC-73D2EFA61468}.Release|iPhoneSimulator.ActiveCfg = Release|x86
		{AD455541-5E27-415D-9CAC-73D2EFA61468}.Release|iPhoneSimulator.Build.0 = Release|x86
		{AD455541-5E27-415D-9CAC-73D2EFA61468}.Release|iPhoneSimulator.Deploy.0 = Release|x86
		{AD455541-5E27-415D-9CAC-73D2EFA61468}.Release|x64.ActiveCfg = Release|x64
		{AD455541-5E27-415D-9CAC-73D2EFA61468}.Release|x64.Build.0 = Release|x64
		{AD455541-5E27-415D-9CAC-73D2EFA61468}.Release|x64.Deploy.0 = Release|x64
		{AD455541-5E27-415D-9CAC-73D2EFA61468}.Release|x86.ActiveCfg = Release|x86
		{AD455541-5E27-415D-9CAC-73D2EFA61468}.Release|x86.Build.0 = Release|x86
		{AD455541-5E27-415D-9CAC-73D2EFA61468}.Release|x86.Deploy.0 = Release|x86
		{3ED2BFCA-B12D-4CF7-8A68-1EB80A64C223}.Debug|Any CPU.ActiveCfg = Debug|Any CPU
		{3ED2BFCA-B12D-4CF7-8A68-1EB80A64C223}.Debug|Any CPU.Build.0 = Debug|Any CPU
		{3ED2BFCA-B12D-4CF7-8A68-1EB80A64C223}.Debug|Any CPU.Deploy.0 = Debug|Any CPU
		{3ED2BFCA-B12D-4CF7-8A68-1EB80A64C223}.Debug|ARM.ActiveCfg = Debug|Any CPU
		{3ED2BFCA-B12D-4CF7-8A68-1EB80A64C223}.Debug|ARM.Build.0 = Debug|Any CPU
		{3ED2BFCA-B12D-4CF7-8A68-1EB80A64C223}.Debug|ARM.Deploy.0 = Debug|Any CPU
		{3ED2BFCA-B12D-4CF7-8A68-1EB80A64C223}.Debug|iPhone.ActiveCfg = Debug|Any CPU
		{3ED2BFCA-B12D-4CF7-8A68-1EB80A64C223}.Debug|iPhone.Build.0 = Debug|Any CPU
		{3ED2BFCA-B12D-4CF7-8A68-1EB80A64C223}.Debug|iPhone.Deploy.0 = Debug|Any CPU
		{3ED2BFCA-B12D-4CF7-8A68-1EB80A64C223}.Debug|iPhoneSimulator.ActiveCfg = Debug|Any CPU
		{3ED2BFCA-B12D-4CF7-8A68-1EB80A64C223}.Debug|iPhoneSimulator.Build.0 = Debug|Any CPU
		{3ED2BFCA-B12D-4CF7-8A68-1EB80A64C223}.Debug|iPhoneSimulator.Deploy.0 = Debug|Any CPU
		{3ED2BFCA-B12D-4CF7-8A68-1EB80A64C223}.Debug|x64.ActiveCfg = Debug|Any CPU
		{3ED2BFCA-B12D-4CF7-8A68-1EB80A64C223}.Debug|x64.Build.0 = Debug|Any CPU
		{3ED2BFCA-B12D-4CF7-8A68-1EB80A64C223}.Debug|x64.Deploy.0 = Debug|Any CPU
		{3ED2BFCA-B12D-4CF7-8A68-1EB80A64C223}.Debug|x86.ActiveCfg = Debug|Any CPU
		{3ED2BFCA-B12D-4CF7-8A68-1EB80A64C223}.Debug|x86.Build.0 = Debug|Any CPU
		{3ED2BFCA-B12D-4CF7-8A68-1EB80A64C223}.Debug|x86.Deploy.0 = Debug|Any CPU
		{3ED2BFCA-B12D-4CF7-8A68-1EB80A64C223}.Release|Any CPU.ActiveCfg = Release|Any CPU
		{3ED2BFCA-B12D-4CF7-8A68-1EB80A64C223}.Release|Any CPU.Build.0 = Release|Any CPU
		{3ED2BFCA-B12D-4CF7-8A68-1EB80A64C223}.Release|Any CPU.Deploy.0 = Release|Any CPU
		{3ED2BFCA-B12D-4CF7-8A68-1EB80A64C223}.Release|ARM.ActiveCfg = Release|Any CPU
		{3ED2BFCA-B12D-4CF7-8A68-1EB80A64C223}.Release|ARM.Build.0 = Release|Any CPU
		{3ED2BFCA-B12D-4CF7-8A68-1EB80A64C223}.Release|ARM.Deploy.0 = Release|Any CPU
		{3ED2BFCA-B12D-4CF7-8A68-1EB80A64C223}.Release|iPhone.ActiveCfg = Release|Any CPU
		{3ED2BFCA-B12D-4CF7-8A68-1EB80A64C223}.Release|iPhone.Build.0 = Release|Any CPU
		{3ED2BFCA-B12D-4CF7-8A68-1EB80A64C223}.Release|iPhone.Deploy.0 = Release|Any CPU
		{3ED2BFCA-B12D-4CF7-8A68-1EB80A64C223}.Release|iPhoneSimulator.ActiveCfg = Release|Any CPU
		{3ED2BFCA-B12D-4CF7-8A68-1EB80A64C223}.Release|iPhoneSimulator.Build.0 = Release|Any CPU
		{3ED2BFCA-B12D-4CF7-8A68-1EB80A64C223}.Release|iPhoneSimulator.Deploy.0 = Release|Any CPU
		{3ED2BFCA-B12D-4CF7-8A68-1EB80A64C223}.Release|x64.ActiveCfg = Release|Any CPU
		{3ED2BFCA-B12D-4CF7-8A68-1EB80A64C223}.Release|x64.Build.0 = Release|Any CPU
		{3ED2BFCA-B12D-4CF7-8A68-1EB80A64C223}.Release|x64.Deploy.0 = Release|Any CPU
		{3ED2BFCA-B12D-4CF7-8A68-1EB80A64C223}.Release|x86.ActiveCfg = Release|Any CPU
		{3ED2BFCA-B12D-4CF7-8A68-1EB80A64C223}.Release|x86.Build.0 = Release|Any CPU
		{3ED2BFCA-B12D-4CF7-8A68-1EB80A64C223}.Release|x86.Deploy.0 = Release|Any CPU
		{94412DB2-3B7A-4270-ABC0-C4E4DC5E8A38}.Debug|Any CPU.ActiveCfg = Debug|iPhone
		{94412DB2-3B7A-4270-ABC0-C4E4DC5E8A38}.Debug|Any CPU.Build.0 = Debug|iPhone
		{94412DB2-3B7A-4270-ABC0-C4E4DC5E8A38}.Debug|Any CPU.Deploy.0 = Debug|iPhone
		{94412DB2-3B7A-4270-ABC0-C4E4DC5E8A38}.Debug|ARM.ActiveCfg = Debug|iPhoneSimulator
		{94412DB2-3B7A-4270-ABC0-C4E4DC5E8A38}.Debug|ARM.Build.0 = Debug|iPhoneSimulator
		{94412DB2-3B7A-4270-ABC0-C4E4DC5E8A38}.Debug|ARM.Deploy.0 = Debug|iPhoneSimulator
		{94412DB2-3B7A-4270-ABC0-C4E4DC5E8A38}.Debug|iPhone.ActiveCfg = Debug|iPhone
		{94412DB2-3B7A-4270-ABC0-C4E4DC5E8A38}.Debug|iPhone.Build.0 = Debug|iPhone
		{94412DB2-3B7A-4270-ABC0-C4E4DC5E8A38}.Debug|iPhone.Deploy.0 = Debug|iPhone
		{94412DB2-3B7A-4270-ABC0-C4E4DC5E8A38}.Debug|iPhoneSimulator.ActiveCfg = Debug|iPhoneSimulator
		{94412DB2-3B7A-4270-ABC0-C4E4DC5E8A38}.Debug|iPhoneSimulator.Build.0 = Debug|iPhoneSimulator
		{94412DB2-3B7A-4270-ABC0-C4E4DC5E8A38}.Debug|iPhoneSimulator.Deploy.0 = Debug|iPhoneSimulator
		{94412DB2-3B7A-4270-ABC0-C4E4DC5E8A38}.Debug|x64.ActiveCfg = Debug|iPhone
		{94412DB2-3B7A-4270-ABC0-C4E4DC5E8A38}.Debug|x64.Build.0 = Debug|iPhone
		{94412DB2-3B7A-4270-ABC0-C4E4DC5E8A38}.Debug|x64.Deploy.0 = Debug|iPhone
		{94412DB2-3B7A-4270-ABC0-C4E4DC5E8A38}.Debug|x86.ActiveCfg = Debug|iPhone
		{94412DB2-3B7A-4270-ABC0-C4E4DC5E8A38}.Debug|x86.Build.0 = Debug|iPhone
		{94412DB2-3B7A-4270-ABC0-C4E4DC5E8A38}.Debug|x86.Deploy.0 = Debug|iPhone
		{94412DB2-3B7A-4270-ABC0-C4E4DC5E8A38}.Release|Any CPU.ActiveCfg = Release|iPhone
		{94412DB2-3B7A-4270-ABC0-C4E4DC5E8A38}.Release|Any CPU.Build.0 = Release|iPhone
		{94412DB2-3B7A-4270-ABC0-C4E4DC5E8A38}.Release|Any CPU.Deploy.0 = Release|iPhone
		{94412DB2-3B7A-4270-ABC0-C4E4DC5E8A38}.Release|ARM.ActiveCfg = Release|iPhone
		{94412DB2-3B7A-4270-ABC0-C4E4DC5E8A38}.Release|ARM.Build.0 = Release|iPhone
		{94412DB2-3B7A-4270-ABC0-C4E4DC5E8A38}.Release|ARM.Deploy.0 = Release|iPhone
		{94412DB2-3B7A-4270-ABC0-C4E4DC5E8A38}.Release|iPhone.ActiveCfg = Release|iPhone
		{94412DB2-3B7A-4270-ABC0-C4E4DC5E8A38}.Release|iPhone.Build.0 = Release|iPhone
		{94412DB2-3B7A-4270-ABC0-C4E4DC5E8A38}.Release|iPhone.Deploy.0 = Release|iPhone
		{94412DB2-3B7A-4270-ABC0-C4E4DC5E8A38}.Release|iPhoneSimulator.ActiveCfg = Release|iPhoneSimulator
		{94412DB2-3B7A-4270-ABC0-C4E4DC5E8A38}.Release|iPhoneSimulator.Build.0 = Release|iPhoneSimulator
		{94412DB2-3B7A-4270-ABC0-C4E4DC5E8A38}.Release|iPhoneSimulator.Deploy.0 = Release|iPhoneSimulator
		{94412DB2-3B7A-4270-ABC0-C4E4DC5E8A38}.Release|x64.ActiveCfg = Release|iPhone
		{94412DB2-3B7A-4270-ABC0-C4E4DC5E8A38}.Release|x64.Build.0 = Release|iPhone
		{94412DB2-3B7A-4270-ABC0-C4E4DC5E8A38}.Release|x64.Deploy.0 = Release|iPhone
		{94412DB2-3B7A-4270-ABC0-C4E4DC5E8A38}.Release|x86.ActiveCfg = Release|iPhone
		{94412DB2-3B7A-4270-ABC0-C4E4DC5E8A38}.Release|x86.Build.0 = Release|iPhone
		{94412DB2-3B7A-4270-ABC0-C4E4DC5E8A38}.Release|x86.Deploy.0 = Release|iPhone
		{CD755085-CE18-4F96-886B-68A3B1CB9B30}.Debug|Any CPU.ActiveCfg = Debug|Any CPU
		{CD755085-CE18-4F96-886B-68A3B1CB9B30}.Debug|Any CPU.Build.0 = Debug|Any CPU
		{CD755085-CE18-4F96-886B-68A3B1CB9B30}.Debug|Any CPU.Deploy.0 = Debug|Any CPU
		{CD755085-CE18-4F96-886B-68A3B1CB9B30}.Debug|ARM.ActiveCfg = Debug|Any CPU
		{CD755085-CE18-4F96-886B-68A3B1CB9B30}.Debug|ARM.Build.0 = Debug|Any CPU
		{CD755085-CE18-4F96-886B-68A3B1CB9B30}.Debug|ARM.Deploy.0 = Debug|Any CPU
		{CD755085-CE18-4F96-886B-68A3B1CB9B30}.Debug|iPhone.ActiveCfg = Debug|Any CPU
		{CD755085-CE18-4F96-886B-68A3B1CB9B30}.Debug|iPhone.Build.0 = Debug|Any CPU
		{CD755085-CE18-4F96-886B-68A3B1CB9B30}.Debug|iPhone.Deploy.0 = Debug|Any CPU
		{CD755085-CE18-4F96-886B-68A3B1CB9B30}.Debug|iPhoneSimulator.ActiveCfg = Debug|Any CPU
		{CD755085-CE18-4F96-886B-68A3B1CB9B30}.Debug|iPhoneSimulator.Build.0 = Debug|Any CPU
		{CD755085-CE18-4F96-886B-68A3B1CB9B30}.Debug|iPhoneSimulator.Deploy.0 = Debug|Any CPU
		{CD755085-CE18-4F96-886B-68A3B1CB9B30}.Debug|x64.ActiveCfg = Debug|Any CPU
		{CD755085-CE18-4F96-886B-68A3B1CB9B30}.Debug|x64.Build.0 = Debug|Any CPU
		{CD755085-CE18-4F96-886B-68A3B1CB9B30}.Debug|x64.Deploy.0 = Debug|Any CPU
		{CD755085-CE18-4F96-886B-68A3B1CB9B30}.Debug|x86.ActiveCfg = Debug|Any CPU
		{CD755085-CE18-4F96-886B-68A3B1CB9B30}.Debug|x86.Build.0 = Debug|Any CPU
		{CD755085-CE18-4F96-886B-68A3B1CB9B30}.Debug|x86.Deploy.0 = Debug|Any CPU
		{CD755085-CE18-4F96-886B-68A3B1CB9B30}.Release|Any CPU.ActiveCfg = Release|Any CPU
		{CD755085-CE18-4F96-886B-68A3B1CB9B30}.Release|Any CPU.Build.0 = Release|Any CPU
		{CD755085-CE18-4F96-886B-68A3B1CB9B30}.Release|Any CPU.Deploy.0 = Release|Any CPU
		{CD755085-CE18-4F96-886B-68A3B1CB9B30}.Release|ARM.ActiveCfg = Release|Any CPU
		{CD755085-CE18-4F96-886B-68A3B1CB9B30}.Release|ARM.Build.0 = Release|Any CPU
		{CD755085-CE18-4F96-886B-68A3B1CB9B30}.Release|ARM.Deploy.0 = Release|Any CPU
		{CD755085-CE18-4F96-886B-68A3B1CB9B30}.Release|iPhone.ActiveCfg = Release|Any CPU
		{CD755085-CE18-4F96-886B-68A3B1CB9B30}.Release|iPhone.Build.0 = Release|Any CPU
		{CD755085-CE18-4F96-886B-68A3B1CB9B30}.Release|iPhone.Deploy.0 = Release|Any CPU
		{CD755085-CE18-4F96-886B-68A3B1CB9B30}.Release|iPhoneSimulator.ActiveCfg = Release|Any CPU
		{CD755085-CE18-4F96-886B-68A3B1CB9B30}.Release|iPhoneSimulator.Build.0 = Release|Any CPU
		{CD755085-CE18-4F96-886B-68A3B1CB9B30}.Release|iPhoneSimulator.Deploy.0 = Release|Any CPU
		{CD755085-CE18-4F96-886B-68A3B1CB9B30}.Release|x64.ActiveCfg = Release|Any CPU
		{CD755085-CE18-4F96-886B-68A3B1CB9B30}.Release|x64.Build.0 = Release|Any CPU
		{CD755085-CE18-4F96-886B-68A3B1CB9B30}.Release|x64.Deploy.0 = Release|Any CPU
		{CD755085-CE18-4F96-886B-68A3B1CB9B30}.Release|x86.ActiveCfg = Release|Any CPU
		{CD755085-CE18-4F96-886B-68A3B1CB9B30}.Release|x86.Build.0 = Release|Any CPU
		{CD755085-CE18-4F96-886B-68A3B1CB9B30}.Release|x86.Deploy.0 = Release|Any CPU
		{5C5D1E10-3D13-45AD-AF4F-C85931BBD810}.Debug|Any CPU.ActiveCfg = Debug|Any CPU
		{5C5D1E10-3D13-45AD-AF4F-C85931BBD810}.Debug|Any CPU.Build.0 = Debug|Any CPU
		{5C5D1E10-3D13-45AD-AF4F-C85931BBD810}.Debug|ARM.ActiveCfg = Debug|Any CPU
		{5C5D1E10-3D13-45AD-AF4F-C85931BBD810}.Debug|ARM.Build.0 = Debug|Any CPU
		{5C5D1E10-3D13-45AD-AF4F-C85931BBD810}.Debug|iPhone.ActiveCfg = Debug|Any CPU
		{5C5D1E10-3D13-45AD-AF4F-C85931BBD810}.Debug|iPhone.Build.0 = Debug|Any CPU
		{5C5D1E10-3D13-45AD-AF4F-C85931BBD810}.Debug|iPhoneSimulator.ActiveCfg = Debug|Any CPU
		{5C5D1E10-3D13-45AD-AF4F-C85931BBD810}.Debug|iPhoneSimulator.Build.0 = Debug|Any CPU
		{5C5D1E10-3D13-45AD-AF4F-C85931BBD810}.Debug|x64.ActiveCfg = Debug|Any CPU
		{5C5D1E10-3D13-45AD-AF4F-C85931BBD810}.Debug|x64.Build.0 = Debug|Any CPU
		{5C5D1E10-3D13-45AD-AF4F-C85931BBD810}.Debug|x86.ActiveCfg = Debug|Any CPU
		{5C5D1E10-3D13-45AD-AF4F-C85931BBD810}.Debug|x86.Build.0 = Debug|Any CPU
		{5C5D1E10-3D13-45AD-AF4F-C85931BBD810}.Release|Any CPU.ActiveCfg = Release|Any CPU
		{5C5D1E10-3D13-45AD-AF4F-C85931BBD810}.Release|Any CPU.Build.0 = Release|Any CPU
		{5C5D1E10-3D13-45AD-AF4F-C85931BBD810}.Release|ARM.ActiveCfg = Release|Any CPU
		{5C5D1E10-3D13-45AD-AF4F-C85931BBD810}.Release|ARM.Build.0 = Release|Any CPU
		{5C5D1E10-3D13-45AD-AF4F-C85931BBD810}.Release|iPhone.ActiveCfg = Release|Any CPU
		{5C5D1E10-3D13-45AD-AF4F-C85931BBD810}.Release|iPhone.Build.0 = Release|Any CPU
		{5C5D1E10-3D13-45AD-AF4F-C85931BBD810}.Release|iPhoneSimulator.ActiveCfg = Release|Any CPU
		{5C5D1E10-3D13-45AD-AF4F-C85931BBD810}.Release|iPhoneSimulator.Build.0 = Release|Any CPU
		{5C5D1E10-3D13-45AD-AF4F-C85931BBD810}.Release|x64.ActiveCfg = Release|Any CPU
		{5C5D1E10-3D13-45AD-AF4F-C85931BBD810}.Release|x64.Build.0 = Release|Any CPU
		{5C5D1E10-3D13-45AD-AF4F-C85931BBD810}.Release|x86.ActiveCfg = Release|Any CPU
		{5C5D1E10-3D13-45AD-AF4F-C85931BBD810}.Release|x86.Build.0 = Release|Any CPU
	EndGlobalSection
	GlobalSection(SolutionProperties) = preSolution
		HideSolutionNode = FALSE
	EndGlobalSection
	GlobalSection(ExtensibilityGlobals) = postSolution
		SolutionGuid = {10B952E1-BF84-475B-A6E3-AFEAA19B8122}
	EndGlobalSection
EndGlobal
